
Microsoft Visual Studio Solution File, Format Version 12.00
# Visual Studio Version 17
VisualStudioVersion = 17.5.33627.172
MinimumVisualStudioVersion = 10.0.40219.1
Project("{FAE04EC0-301F-11D3-BF4B-00C04F79EFBC}") = "Angular_Final_Proj", "Angular_Final_Proj.csproj", "{9F3155DF-D794-4FC9-B5C7-934504E2B7FD}"
EndProject
Global
	GlobalSection(SolutionConfigurationPlatforms) = preSolution
		Debug|Any CPU = Debug|Any CPU
		Release|Any CPU = Release|Any CPU
	EndGlobalSection
	GlobalSection(ProjectConfigurationPlatforms) = postSolution
		{9F3155DF-D794-4FC9-B5C7-934504E2B7FD}.Debug|Any CPU.ActiveCfg = Debug|Any CPU
		{9F3155DF-D794-4FC9-B5C7-934504E2B7FD}.Debug|Any CPU.Build.0 = Debug|Any CPU
		{9F3155DF-D794-4FC9-B5C7-934504E2B7FD}.Release|Any CPU.ActiveCfg = Release|Any CPU
		{9F3155DF-D794-4FC9-B5C7-934504E2B7FD}.Release|Any CPU.Build.0 = Release|Any CPU
	EndGlobalSection
	GlobalSection(SolutionProperties) = preSolution
		HideSolutionNode = FALSE
	EndGlobalSection
	GlobalSection(ExtensibilityGlobals) = postSolution
		SolutionGuid = {583A5CF5-3042-4FDE-9E16-D0D2FB8EEB84}
	EndGlobalSection
EndGlobal
